{
    "_meta": {
        "hash": {
            "sha256": "989f89394091c0258b4d8034f62c0ac681cd339d447662a9bf9f80087e657430"
        },
        "pipfile-spec": 6,
        "requires": {
            "python_full_version": "3.10.12",
            "python_version": "3.10"
        },
        "sources": [
            {
                "name": "pypi",
                "url": "https://pypi.org/simple",
                "verify_ssl": true
            }
        ]
    },
    "default": {
        "nvidia-ml-py": {
            "hashes": [
                "sha256:f0254dc7400647680a072ee02509bfd46102b60bdfeca321576d4d4817e7fe97",
                "sha256:fea371c94d63e38a611c17bbb85fe400e9c8ddb9e8684a9cd0e47786a4bc3c73"
            ],
            "index": "pypi",
            "version": "==12.560.30"
        },
        "psutil": {
            "hashes": [
                "sha256:02b69001f44cc73c1c5279d02b30a817e339ceb258ad75997325e0e6169d8b35",
                "sha256:1287c2b95f1c0a364d23bc6f2ea2365a8d4d9b726a3be7294296ff7ba97c17f0",
                "sha256:1e7c870afcb7d91fdea2b37c24aeb08f98b6d67257a5cb0a8bc3ac68d0f1a68c",
                "sha256:21f1fb635deccd510f69f485b87433460a603919b45e2a324ad65b0cc74f8fb1",
                "sha256:33ea5e1c975250a720b3a6609c490db40dae5d83a4eb315170c4fe0d8b1f34b3",
                "sha256:34859b8d8f423b86e4385ff3665d3f4d94be3cdf48221fbe476e883514fdb71c",
                "sha256:5fd9a97c8e94059b0ef54a7d4baf13b405011176c3b6ff257c247cae0d560ecd",
                "sha256:6ec7588fb3ddaec7344a825afe298db83fe01bfaaab39155fa84cf1c0d6b13c3",
                "sha256:6ed2440ada7ef7d0d608f20ad89a04ec47d2d3ab7190896cd62ca5fc4fe08bf0",
                "sha256:8faae4f310b6d969fa26ca0545338b21f73c6b15db7c4a8d934a5482faa818f2",
                "sha256:a021da3e881cd935e64a3d0a20983bda0bb4cf80e4f74fa9bfcb1bc5785360c6",
                "sha256:a495580d6bae27291324fe60cea0b5a7c23fa36a7cd35035a16d93bdcf076b9d",
                "sha256:a9a3dbfb4de4f18174528d87cc352d1f788b7496991cca33c6996f40c9e3c92c",
                "sha256:c588a7e9b1173b6e866756dde596fd4cad94f9399daf99ad8c3258b3cb2b47a0",
                "sha256:e2e8d0054fc88153ca0544f5c4d554d42e33df2e009c4ff42284ac9ebdef4132",
                "sha256:fc8c9510cde0146432bbdb433322861ee8c3efbf8589865c8bf8d21cb30c4d14",
                "sha256:ffe7fc9b6b36beadc8c322f84e1caff51e8703b88eee1da46d1e3a6ae11b4fd0"
            ],
            "index": "pypi",
            "markers": "python_version >= '2.7' and python_version not in '3.0, 3.1, 3.2, 3.3, 3.4, 3.5'",
            "version": "==6.0.0"
        },
        "py-cpuinfo": {
            "hashes": [
                "sha256:3cdbbf3fac90dc6f118bfd64384f309edeadd902d7c8fb17f02ffa1fc3f49690",
                "sha256:859625bc251f64e21f077d099d4162689c762b5d6a4c3c97553d56241c9674d5"
            ],
            "index": "pypi",
            "version": "==9.0.0"
        },
        "tqdm": {
            "hashes": [
                "sha256:90279a3770753eafc9194a0364852159802111925aa30eb3f9d85b0e805ac7cd",
                "sha256:e1020aef2e5096702d8a025ac7d16b1577279c9d63f8375b63083e9a5f0fcbad"
            ],
            "index": "pypi",
            "markers": "python_version >= '3.7'",
            "version": "==4.66.5"
        }
    },
    "develop": {}
}
